{
  "version": 2,
  "dependencies": {
    "net10.0-maccatalyst1.0": {
      "Microsoft.Extensions.Logging.Debug": {
        "type": "Direct",
        "requested": "[10.0.11, )",
        "resolved": "10.0.11",
        "contentHash": "wr+j1bjdFXhc8lKTLoq+RbwFM8M+orcMS9xrcqLmDGOxJcXpKizEeE5h6v/GKwCZV02FmhaA7OlNjoq072jZpQ==",
        "dependencies": {
          "Microsoft.Extensions.DependencyInjection.Abstractions": "10.0.11",
          "Microsoft.Extensions.Logging": "10.0.11",
          "Microsoft.Extensions.Logging.Abstractions": "10.0.11"
        }
      },
      "Microsoft.Maui.Controls": {
        "type": "Direct",
        "requested": "[9.0.40, )",
        "resolved": "9.0.40",
        "contentHash": "qJaFEeM/lYpFIjmXWuqV+PXGWFfZV4h2iKH673OAirAAJx77AoU9lnGDr9RxXtEgCSfbTOeSpkEBwkcuid+sZw==",
        "dependencies": {
          "Microsoft.Maui.Controls.Build.Tasks": "9.0.40",
          "Microsoft.Maui.Controls.Core": "9.0.40",
          "Microsoft.Maui.Controls.Xaml": "9.0.40",
          "Microsoft.Maui.Resizetizer": "9.0.40"
        }
      },
      "Microsoft.Maui.Controls.Compatibility": {
        "type": "Direct",
        "requested": "[9.0.40, )",
        "resolved": "9.0.40",
        "contentHash": "gkUn9ID5eNfMP9gIkVCg2ZqDhlWj6pHbtjOTVjKoPRFLupte8k+pBFwYgkTX8LBD4EfrNIGWNFDe+3t7B1i8kw==",
        "dependencies": {
          "Microsoft.Extensions.Configuration": "9.0.0",
          "Microsoft.Extensions.Logging.Abstractions": "9.0.0",
          "Microsoft.Maui.Controls.Core": "9.0.40",
          "Microsoft.Maui.Controls.Xaml": "9.0.40"
        }
      },
      "System.Reactive": {
        "type": "Direct",
        "requested": "[6.0.1, )",
        "resolved": "6.0.1",
        "contentHash": "rHaWtKDwCi9qJ3ObKo8LHPMuuwv33YbmQi7TcUK1C264V3MFnOr5Im7QgCTdLniztP3GJyeiSg5x8NqYJFqRmg=="
      },
      "Microsoft.Extensions.Configuration": {
        "type": "Transitive",
        "resolved": "9.0.0",
        "contentHash": "YIMO9T3JL8MeEXgVozKt2v79hquo/EFtnY0vgxmLnUvk1Rei/halI7kOWZL2RBeV9FMGzgM9LZA8CVaNwFMaNA==",
        "dependencies": {
          "Microsoft.Extensions.Configuration.Abstractions": "9.0.0",
          "Microsoft.Extensions.Primitives": "9.0.0"
        }
      },
      "Microsoft.Extensions.Configuration.Abstractions": {
        "type": "Transitive",
        "resolved": "9.0.0",
        "contentHash": "lqvd7W3FGKUO1+ZoUEMaZ5XDJeWvjpy2/M/ptCGz3tXLD4HWVaSzjufsAsjemasBEg+2SxXVtYVvGt5r2nKDlg==",
        "dependencies": {
          "Microsoft.Extensions.Primitives": "9.0.0"
        }
      },
      "Microsoft.Extensions.DependencyInjection": {
        "type": "Transitive",
        "resolved": "10.0.11",
        "contentHash": "PSmotV19c7E3lKed++uYo1kSiXFI+uTl37CBSrhq+CfLC3FCHjG7R91+xPnNehQfHS1b0Tzo/CCLPWH3qaEheg==",
        "dependencies": {
          "Microsoft.Extensions.DependencyInjection.Abstractions": "10.0.11"
        }
      },
      "Microsoft.Extensions.DependencyInjection.Abstractions": {
        "type": "Transitive",
        "resolved": "10.0.11",
        "contentHash": "/a1aJz4m7ylhEDf25ugQChLQoN5XwoGjWw/BoR/ZWWKsO1v4DdJElS1uyngahz4B/eOzjFk1KNTkarRLE5wsIg=="
      },
      "Microsoft.Extensions.Logging": {
        "type": "Transitive",
        "resolved": "10.0.11",
        "contentHash": "nUOJwgFkSiLHiVGFpU22pIJtuWYewuSYQ3JVuP/gdK8ASMT807Px+TYQiRWs6uSsOmoyFTaVCwKXTasczV6BpA==",
        "dependencies": {
          "Microsoft.Extensions.DependencyInjection": "10.0.11",
          "Microsoft.Extensions.Logging.Abstractions": "10.0.11",
          "Microsoft.Extensions.Options": "10.0.11"
        }
      },
      "Microsoft.Extensions.Logging.Abstractions": {
        "type": "Transitive",
        "resolved": "10.0.11",
        "contentHash": "Ljd0Uxoq5XpScD2Bg0nM/r3mwx7Ao5Uq24eo2ARxbGvqJ7Zht6rt2cJtwVRH4Cv+1ZVMdXz6TB43KbpmsxRrvQ==",
        "dependencies": {
          "Microsoft.Extensions.DependencyInjection.Abstractions": "10.0.11"
        }
      },
      "Microsoft.Extensions.Options": {
        "type": "Transitive",
        "resolved": "10.0.11",
        "contentHash": "eY1GAKcTfD2maP27J84X9IovT3yjHJ2dVDzPmDg6/XqYvt3jMzJhtfQCLjG9pVsZGAd+8DQ2QrjaDcs2+VQLGw==",
        "dependencies": {
          "Microsoft.Extensions.DependencyInjection.Abstractions": "10.0.11",
          "Microsoft.Extensions.Primitives": "10.0.11"
        }
      },
      "Microsoft.Extensions.Primitives": {
        "type": "Transitive",
        "resolved": "10.0.11",
        "contentHash": "SXcz+kF+4Oo9b1+55zntpJFYfwb1jw66ioxptyNOOTDc8g2FHnBFWjZpsWfCvZIhzr0x+4e2trVTs4OKwQfBtw=="
      },
      "Microsoft.Maui.Controls.Build.Tasks": {
        "type": "Transitive",
        "resolved": "9.0.40",
        "contentHash": "GmXxSikkW4LwCSP5zflxMqKGsl5RCD2ILKekQB9aHOk5Vz/jj02e+jhUVDCcXoenbKQt4Cy5c6fi0nHB+X4xdA==",
        "dependencies": {
          "Microsoft.Maui.Controls.Core": "9.0.40",
          "Microsoft.Maui.Controls.Xaml": "9.0.40"
        }
      },
      "Microsoft.Maui.Controls.Core": {
        "type": "Transitive",
        "resolved": "9.0.40",
        "contentHash": "eiAlaaPRpoN2X196G65NzZ9y5cCYaGK8wc34D/61RJoSDoIMkqyMgaFLfoZZPkaN4j9is6lg/fNJ8+0BUn9hbQ==",
        "dependencies": {
          "Microsoft.Extensions.Configuration": "9.0.0",
          "Microsoft.Extensions.DependencyInjection": "9.0.0",
          "Microsoft.Extensions.Logging": "9.0.0",
          "Microsoft.Extensions.Logging.Abstractions": "9.0.0",
          "Microsoft.Maui.Core": "9.0.40"
        }
      },
      "Microsoft.Maui.Controls.Xaml": {
        "type": "Transitive",
        "resolved": "9.0.40",
        "contentHash": "Hvs6PdT5jW57Bkz1qMyKjEl60h1Vc37cbwy7H18s7eyh+TAPhvQd8HI8c/t4p1IsBFTyRSZ01L+JZRiEJqvKUA==",
        "dependencies": {
          "Microsoft.Extensions.Configuration": "9.0.0",
          "Microsoft.Maui.Controls.Core": "9.0.40",
          "Microsoft.Maui.Core": "9.0.40"
        }
      },
      "Microsoft.Maui.Core": {
        "type": "Transitive",
        "resolved": "9.0.40",
        "contentHash": "bdMC8gZzwlqyolTma5D+gjFpR8dxne9MvMUWtzW5Edr85v1VEQv5ZHcTZ9Lla2AeXkaDj+WWC4SEpIrtd9YweQ==",
        "dependencies": {
          "Microsoft.Extensions.Configuration": "9.0.0",
          "Microsoft.Extensions.DependencyInjection": "9.0.0",
          "Microsoft.Extensions.Logging": "9.0.0",
          "Microsoft.Extensions.Logging.Abstractions": "9.0.0",
          "Microsoft.Maui.Essentials": "9.0.40",
          "Microsoft.Maui.Graphics": "9.0.40"
        }
      },
      "Microsoft.Maui.Essentials": {
        "type": "Transitive",
        "resolved": "9.0.40",
        "contentHash": "bVbLoZmAyLjlUiYf85aKq3TIqcIHZteHu6RqiG7RA3Gs6G7F1Tj7rEh9l4Nbl3UCxu36548JZNbTKfElzJUWyA==",
        "dependencies": {
          "Microsoft.Maui.Graphics": "9.0.40"
        }
      },
      "Microsoft.Maui.Graphics": {
        "type": "Transitive",
        "resolved": "9.0.40",
        "contentHash": "RqTcO4BzxrgXyjVFfZ7Pt3TsRfOp2Q+GIL+qrCzFDacAj+GKkruTkoj9VOgfZ7Ct/TIRNCUOv4yt90mpmsjtZg=="
      },
      "Microsoft.Maui.Resizetizer": {
        "type": "Transitive",
        "resolved": "9.0.40",
        "contentHash": "phCeRjp1whbMJiW/tFZtRN2eNZ1BD4jwHqCriFNvQ7Hli0PhGEhgkPuKilEs87L9wNNZPsrIS81zTH9MReFLfg=="
      },
      "verifable.general": {
        "type": "Project",
        "dependencies": {
          "System.Reactive": "[6.0.1, )"
        }
      }
    }
  }
}