{
  "version": 2,
  "dependencies": {
    "net10.0": {
      "Microsoft.Reactive.Testing": {
        "type": "Direct",
        "requested": "[6.0.1, )",
        "resolved": "6.0.1",
        "contentHash": "80d47atUKBZnQ515Ns57Z4a7v/cbcUppqDTIhWJyBd7k46sh4dNq3xNGLMvVRHQ672Q2di7OmH//1WTMEkJ7bg==",
        "dependencies": {
          "System.Reactive": "6.0.1"
        }
      },
      "System.Reactive": {
        "type": "Direct",
        "requested": "[6.0.1, )",
        "resolved": "6.0.1",
        "contentHash": "rHaWtKDwCi9qJ3ObKo8LHPMuuwv33YbmQi7TcUK1C264V3MFnOr5Im7QgCTdLniztP3GJyeiSg5x8NqYJFqRmg=="
      }
    }
  }
}